
Microsoft Visual Studio Solution File, Format Version 12.00
# Visual Studio Version 16
VisualStudioVersion = 16.0.31205.134
MinimumVisualStudioVersion = 10.0.40219.1
Project("{2150E333-8FDC-42A3-9474-1A3956D46DE8}") = "01-Domain", "01-Domain", "{EBF660FA-98B4-4E8B-85ED-03319B6559D9}"
EndProject
Project("{FAE04EC0-301F-11D3-BF4B-00C04F79EFBC}") = "Auth.Domain", "Auth.Domain\Auth.Domain.csproj", "{158F33BA-E35B-49B1-99CB-C9DFC5E25514}"
EndProject
Project("{2150E333-8FDC-42A3-9474-1A3956D46DE8}") = "02 - Infra", "02 - Infra", "{2FA243D7-7293-403D-A809-8A3684F43764}"
EndProject
Project("{2150E333-8FDC-42A3-9474-1A3956D46DE8}") = "02.01 - Database", "02.01 - Database", "{66A8D7AA-E00D-45B6-8858-8910F7A10898}"
EndProject
Project("{FAE04EC0-301F-11D3-BF4B-00C04F79EFBC}") = "Auth.Database", "Auth.Database\Auth.Database.csproj", "{D7664424-43C7-4FA5-9F8A-3B6734A742D9}"
EndProject
Project("{2150E333-8FDC-42A3-9474-1A3956D46DE8}") = "02.02 - Migration", "02.02 - Migration", "{AD98B7EE-82F1-467D-B409-88B6531A2E50}"
EndProject
Project("{FAE04EC0-301F-11D3-BF4B-00C04F79EFBC}") = "Auth.Migration", "Auth.Migration\Auth.Migration.csproj", "{9A577AB2-D347-4CA5-8A45-3E5D23C3A10E}"
EndProject
Project("{2150E333-8FDC-42A3-9474-1A3956D46DE8}") = "03 - Application", "03 - Application", "{739F56F0-9284-4A53-9F61-AAF39AF56D10}"
EndProject
Project("{FAE04EC0-301F-11D3-BF4B-00C04F79EFBC}") = "Auth.Service", "Auth.Service\Auth.Service.csproj", "{F74916F9-422C-4156-9547-BD1E8D5C56E6}"
EndProject
Project("{2150E333-8FDC-42A3-9474-1A3956D46DE8}") = "04-WebApps", "04-WebApps", "{0384BF19-E59D-4F0C-A2C6-244C6848A986}"
EndProject
Project("{FAE04EC0-301F-11D3-BF4B-00C04F79EFBC}") = "Auth.API", "Auth.API\Auth.API.csproj", "{53E106F5-44A8-44C9-A310-D9307C5E1A99}"
EndProject
Project("{2150E333-8FDC-42A3-9474-1A3956D46DE8}") = "05-Commons", "05-Commons", "{54FF1687-EB2E-40DC-8941-51E9FA0DBA45}"
EndProject
Project("{FAE04EC0-301F-11D3-BF4B-00C04F79EFBC}") = "Auth.Common", "Auth.Common\Auth.Common.csproj", "{7EDBF60A-FB23-4CB0-A48A-A7455D71C425}"
EndProject
Project("{FAE04EC0-301F-11D3-BF4B-00C04F79EFBC}") = "Auth.CommandHandler", "Auth.CommandHandle\Auth.CommandHandler.csproj", "{21B12257-D286-4729-B089-46C07F36A045}"
EndProject
Global
	GlobalSection(SolutionConfigurationPlatforms) = preSolution
		Debug|Any CPU = Debug|Any CPU
		Release|Any CPU = Release|Any CPU
	EndGlobalSection
	GlobalSection(ProjectConfigurationPlatforms) = postSolution
		{158F33BA-E35B-49B1-99CB-C9DFC5E25514}.Debug|Any CPU.ActiveCfg = Debug|Any CPU
		{158F33BA-E35B-49B1-99CB-C9DFC5E25514}.Debug|Any CPU.Build.0 = Debug|Any CPU
		{158F33BA-E35B-49B1-99CB-C9DFC5E25514}.Release|Any CPU.ActiveCfg = Release|Any CPU
		{158F33BA-E35B-49B1-99CB-C9DFC5E25514}.Release|Any CPU.Build.0 = Release|Any CPU
		{D7664424-43C7-4FA5-9F8A-3B6734A742D9}.Debug|Any CPU.ActiveCfg = Debug|Any CPU
		{D7664424-43C7-4FA5-9F8A-3B6734A742D9}.Debug|Any CPU.Build.0 = Debug|Any CPU
		{D7664424-43C7-4FA5-9F8A-3B6734A742D9}.Release|Any CPU.ActiveCfg = Release|Any CPU
		{D7664424-43C7-4FA5-9F8A-3B6734A742D9}.Release|Any CPU.Build.0 = Release|Any CPU
		{9A577AB2-D347-4CA5-8A45-3E5D23C3A10E}.Debug|Any CPU.ActiveCfg = Debug|Any CPU
		{9A577AB2-D347-4CA5-8A45-3E5D23C3A10E}.Debug|Any CPU.Build.0 = Debug|Any CPU
		{9A577AB2-D347-4CA5-8A45-3E5D23C3A10E}.Release|Any CPU.ActiveCfg = Release|Any CPU
		{9A577AB2-D347-4CA5-8A45-3E5D23C3A10E}.Release|Any CPU.Build.0 = Release|Any CPU
		{F74916F9-422C-4156-9547-BD1E8D5C56E6}.Debug|Any CPU.ActiveCfg = Debug|Any CPU
		{F74916F9-422C-4156-9547-BD1E8D5C56E6}.Debug|Any CPU.Build.0 = Debug|Any CPU
		{F74916F9-422C-4156-9547-BD1E8D5C56E6}.Release|Any CPU.ActiveCfg = Release|Any CPU
		{F74916F9-422C-4156-9547-BD1E8D5C56E6}.Release|Any CPU.Build.0 = Release|Any CPU
		{53E106F5-44A8-44C9-A310-D9307C5E1A99}.Debug|Any CPU.ActiveCfg = Debug|Any CPU
		{53E106F5-44A8-44C9-A310-D9307C5E1A99}.Debug|Any CPU.Build.0 = Debug|Any CPU
		{53E106F5-44A8-44C9-A310-D9307C5E1A99}.Release|Any CPU.ActiveCfg = Release|Any CPU
		{53E106F5-44A8-44C9-A310-D9307C5E1A99}.Release|Any CPU.Build.0 = Release|Any CPU
		{7EDBF60A-FB23-4CB0-A48A-A7455D71C425}.Debug|Any CPU.ActiveCfg = Debug|Any CPU
		{7EDBF60A-FB23-4CB0-A48A-A7455D71C425}.Debug|Any CPU.Build.0 = Debug|Any CPU
		{7EDBF60A-FB23-4CB0-A48A-A7455D71C425}.Release|Any CPU.ActiveCfg = Release|Any CPU
		{7EDBF60A-FB23-4CB0-A48A-A7455D71C425}.Release|Any CPU.Build.0 = Release|Any CPU
		{21B12257-D286-4729-B089-46C07F36A045}.Debug|Any CPU.ActiveCfg = Debug|Any CPU
		{21B12257-D286-4729-B089-46C07F36A045}.Debug|Any CPU.Build.0 = Debug|Any CPU
		{21B12257-D286-4729-B089-46C07F36A045}.Release|Any CPU.ActiveCfg = Release|Any CPU
		{21B12257-D286-4729-B089-46C07F36A045}.Release|Any CPU.Build.0 = Release|Any CPU
	EndGlobalSection
	GlobalSection(SolutionProperties) = preSolution
		HideSolutionNode = FALSE
	EndGlobalSection
	GlobalSection(NestedProjects) = preSolution
		{158F33BA-E35B-49B1-99CB-C9DFC5E25514} = {EBF660FA-98B4-4E8B-85ED-03319B6559D9}
		{66A8D7AA-E00D-45B6-8858-8910F7A10898} = {2FA243D7-7293-403D-A809-8A3684F43764}
		{D7664424-43C7-4FA5-9F8A-3B6734A742D9} = {66A8D7AA-E00D-45B6-8858-8910F7A10898}
		{AD98B7EE-82F1-467D-B409-88B6531A2E50} = {2FA243D7-7293-403D-A809-8A3684F43764}
		{9A577AB2-D347-4CA5-8A45-3E5D23C3A10E} = {AD98B7EE-82F1-467D-B409-88B6531A2E50}
		{F74916F9-422C-4156-9547-BD1E8D5C56E6} = {739F56F0-9284-4A53-9F61-AAF39AF56D10}
		{53E106F5-44A8-44C9-A310-D9307C5E1A99} = {0384BF19-E59D-4F0C-A2C6-244C6848A986}
		{7EDBF60A-FB23-4CB0-A48A-A7455D71C425} = {54FF1687-EB2E-40DC-8941-51E9FA0DBA45}
		{21B12257-D286-4729-B089-46C07F36A045} = {739F56F0-9284-4A53-9F61-AAF39AF56D10}
	EndGlobalSection
	GlobalSection(ExtensibilityGlobals) = postSolution
		SolutionGuid = {B27DB860-D69E-425F-825D-95702EF53464}
	EndGlobalSection
EndGlobal
